
Microsoft Visual Studio Solution File, Format Version 12.00
# Visual Studio 14
VisualStudioVersion = 14.0.23107.0
MinimumVisualStudioVersion = 10.0.40219.1
Project("{FAE04EC0-301F-11D3-BF4B-00C04F79EFBC}") = "WorldSmith", "WorldSmith\WorldSmith.csproj", "{49800B5F-52E5-4A15-81E8-C010B89791F0}"
EndProject
Project("{FAE04EC0-301F-11D3-BF4B-00C04F79EFBC}") = "WorldsmithUpdater", "WorldsmithUpdater\WorldsmithUpdater.csproj", "{D7A8CDCE-2FAD-4B30-8E2A-C28C7F27EE47}"
EndProject
Project("{FAE04EC0-301F-11D3-BF4B-00C04F79EFBC}") = "UpdaterLib", "UpdaterLib\UpdaterLib.csproj", "{62510635-8826-44A0-9EC2-3E37531157AD}"
EndProject
Project("{FAE04EC0-301F-11D3-BF4B-00C04F79EFBC}") = "Graph", "NodeGraph\Graph\Graph.csproj", "{E4CC63D8-127D-4BC9-80E0-CCB3E9DA06DC}"
EndProject
Project("{FAE04EC0-301F-11D3-BF4B-00C04F79EFBC}") = "KVLib", "KVLib\KVLib\KVLib.csproj", "{482F47E3-83C1-4884-88BB-3D66B157ED23}"
EndProject
Project("{FAE04EC0-301F-11D3-BF4B-00C04F79EFBC}") = "Tests", "KVLib\Tests\Tests.csproj", "{0FD26FF3-6203-4FB0-9C29-6FFF487BBDDA}"
EndProject
Project("{2150E333-8FDC-42A3-9474-1A3956D46DE8}") = "Libs", "Libs", "{A9E8B766-66F2-4091-B7A1-DA675699978C}"
EndProject
Project("{2150E333-8FDC-42A3-9474-1A3956D46DE8}") = "kv", "kv", "{8776B516-FC83-428E-9661-FBC8416247D4}"
EndProject
Project("{FAE04EC0-301F-11D3-BF4B-00C04F79EFBC}") = "DotaDebuggerLib", "DotaDebuggerLib\DotaDebuggerLib.csproj", "{C61BF95E-A945-4D04-84DD-E604FE0BA24E}"
EndProject
Project("{2150E333-8FDC-42A3-9474-1A3956D46DE8}") = "Debugger", "Debugger", "{E4B468F0-2741-4C5E-9A44-C9B243A11F50}"
EndProject
Project("{FAE04EC0-301F-11D3-BF4B-00C04F79EFBC}") = "DebuggerTester", "DebuggerTester\DebuggerTester.csproj", "{CD0097FE-36CE-4864-81E8-104657187539}"
EndProject
Global
	GlobalSection(SolutionConfigurationPlatforms) = preSolution
		ClassGen|Any CPU = ClassGen|Any CPU
		Debug|Any CPU = Debug|Any CPU
		Release|Any CPU = Release|Any CPU
	EndGlobalSection
	GlobalSection(ProjectConfigurationPlatforms) = postSolution
		{49800B5F-52E5-4A15-81E8-C010B89791F0}.ClassGen|Any CPU.ActiveCfg = ClassGen|Any CPU
		{49800B5F-52E5-4A15-81E8-C010B89791F0}.ClassGen|Any CPU.Build.0 = ClassGen|Any CPU
		{49800B5F-52E5-4A15-81E8-C010B89791F0}.Debug|Any CPU.ActiveCfg = Debug|Any CPU
		{49800B5F-52E5-4A15-81E8-C010B89791F0}.Debug|Any CPU.Build.0 = Debug|Any CPU
		{49800B5F-52E5-4A15-81E8-C010B89791F0}.Release|Any CPU.ActiveCfg = Release|Any CPU
		{49800B5F-52E5-4A15-81E8-C010B89791F0}.Release|Any CPU.Build.0 = Release|Any CPU
		{D7A8CDCE-2FAD-4B30-8E2A-C28C7F27EE47}.ClassGen|Any CPU.ActiveCfg = Release|Any CPU
		{D7A8CDCE-2FAD-4B30-8E2A-C28C7F27EE47}.ClassGen|Any CPU.Build.0 = Release|Any CPU
		{D7A8CDCE-2FAD-4B30-8E2A-C28C7F27EE47}.Debug|Any CPU.ActiveCfg = Debug|Any CPU
		{D7A8CDCE-2FAD-4B30-8E2A-C28C7F27EE47}.Debug|Any CPU.Build.0 = Debug|Any CPU
		{D7A8CDCE-2FAD-4B30-8E2A-C28C7F27EE47}.Release|Any CPU.ActiveCfg = Release|Any CPU
		{D7A8CDCE-2FAD-4B30-8E2A-C28C7F27EE47}.Release|Any CPU.Build.0 = Release|Any CPU
		{62510635-8826-44A0-9EC2-3E37531157AD}.ClassGen|Any CPU.ActiveCfg = Release|Any CPU
		{62510635-8826-44A0-9EC2-3E37531157AD}.ClassGen|Any CPU.Build.0 = Release|Any CPU
		{62510635-8826-44A0-9EC2-3E37531157AD}.Debug|Any CPU.ActiveCfg = Debug|Any CPU
		{62510635-8826-44A0-9EC2-3E37531157AD}.Debug|Any CPU.Build.0 = Debug|Any CPU
		{62510635-8826-44A0-9EC2-3E37531157AD}.Release|Any CPU.ActiveCfg = Release|Any CPU
		{62510635-8826-44A0-9EC2-3E37531157AD}.Release|Any CPU.Build.0 = Release|Any CPU
		{E4CC63D8-127D-4BC9-80E0-CCB3E9DA06DC}.ClassGen|Any CPU.ActiveCfg = Release|Any CPU
		{E4CC63D8-127D-4BC9-80E0-CCB3E9DA06DC}.ClassGen|Any CPU.Build.0 = Release|Any CPU
		{E4CC63D8-127D-4BC9-80E0-CCB3E9DA06DC}.Debug|Any CPU.ActiveCfg = Debug|Any CPU
		{E4CC63D8-127D-4BC9-80E0-CCB3E9DA06DC}.Debug|Any CPU.Build.0 = Debug|Any CPU
		{E4CC63D8-127D-4BC9-80E0-CCB3E9DA06DC}.Release|Any CPU.ActiveCfg = Release|Any CPU
		{E4CC63D8-127D-4BC9-80E0-CCB3E9DA06DC}.Release|Any CPU.Build.0 = Release|Any CPU
		{482F47E3-83C1-4884-88BB-3D66B157ED23}.ClassGen|Any CPU.ActiveCfg = Release|Any CPU
		{482F47E3-83C1-4884-88BB-3D66B157ED23}.ClassGen|Any CPU.Build.0 = Release|Any CPU
		{482F47E3-83C1-4884-88BB-3D66B157ED23}.Debug|Any CPU.ActiveCfg = Debug|Any CPU
		{482F47E3-83C1-4884-88BB-3D66B157ED23}.Debug|Any CPU.Build.0 = Debug|Any CPU
		{482F47E3-83C1-4884-88BB-3D66B157ED23}.Release|Any CPU.ActiveCfg = Release|Any CPU
		{482F47E3-83C1-4884-88BB-3D66B157ED23}.Release|Any CPU.Build.0 = Release|Any CPU
		{0FD26FF3-6203-4FB0-9C29-6FFF487BBDDA}.ClassGen|Any CPU.ActiveCfg = Release|Any CPU
		{0FD26FF3-6203-4FB0-9C29-6FFF487BBDDA}.ClassGen|Any CPU.Build.0 = Release|Any CPU
		{0FD26FF3-6203-4FB0-9C29-6FFF487BBDDA}.Debug|Any CPU.ActiveCfg = Debug|Any CPU
		{0FD26FF3-6203-4FB0-9C29-6FFF487BBDDA}.Debug|Any CPU.Build.0 = Debug|Any CPU
		{0FD26FF3-6203-4FB0-9C29-6FFF487BBDDA}.Release|Any CPU.ActiveCfg = Release|Any CPU
		{0FD26FF3-6203-4FB0-9C29-6FFF487BBDDA}.Release|Any CPU.Build.0 = Release|Any CPU
		{C61BF95E-A945-4D04-84DD-E604FE0BA24E}.ClassGen|Any CPU.ActiveCfg = Release|Any CPU
		{C61BF95E-A945-4D04-84DD-E604FE0BA24E}.ClassGen|Any CPU.Build.0 = Release|Any CPU
		{C61BF95E-A945-4D04-84DD-E604FE0BA24E}.Debug|Any CPU.ActiveCfg = Debug|Any CPU
		{C61BF95E-A945-4D04-84DD-E604FE0BA24E}.Debug|Any CPU.Build.0 = Debug|Any CPU
		{C61BF95E-A945-4D04-84DD-E604FE0BA24E}.Release|Any CPU.ActiveCfg = Release|Any CPU
		{C61BF95E-A945-4D04-84DD-E604FE0BA24E}.Release|Any CPU.Build.0 = Release|Any CPU
		{CD0097FE-36CE-4864-81E8-104657187539}.ClassGen|Any CPU.ActiveCfg = Release|Any CPU
		{CD0097FE-36CE-4864-81E8-104657187539}.ClassGen|Any CPU.Build.0 = Release|Any CPU
		{CD0097FE-36CE-4864-81E8-104657187539}.Debug|Any CPU.ActiveCfg = Debug|Any CPU
		{CD0097FE-36CE-4864-81E8-104657187539}.Debug|Any CPU.Build.0 = Debug|Any CPU
		{CD0097FE-36CE-4864-81E8-104657187539}.Release|Any CPU.ActiveCfg = Release|Any CPU
		{CD0097FE-36CE-4864-81E8-104657187539}.Release|Any CPU.Build.0 = Release|Any CPU
	EndGlobalSection
	GlobalSection(SolutionProperties) = preSolution
		HideSolutionNode = FALSE
	EndGlobalSection
	GlobalSection(NestedProjects) = preSolution
		{62510635-8826-44A0-9EC2-3E37531157AD} = {A9E8B766-66F2-4091-B7A1-DA675699978C}
		{E4CC63D8-127D-4BC9-80E0-CCB3E9DA06DC} = {A9E8B766-66F2-4091-B7A1-DA675699978C}
		{482F47E3-83C1-4884-88BB-3D66B157ED23} = {8776B516-FC83-428E-9661-FBC8416247D4}
		{0FD26FF3-6203-4FB0-9C29-6FFF487BBDDA} = {8776B516-FC83-428E-9661-FBC8416247D4}
		{8776B516-FC83-428E-9661-FBC8416247D4} = {A9E8B766-66F2-4091-B7A1-DA675699978C}
		{C61BF95E-A945-4D04-84DD-E604FE0BA24E} = {E4B468F0-2741-4C5E-9A44-C9B243A11F50}
		{E4B468F0-2741-4C5E-9A44-C9B243A11F50} = {A9E8B766-66F2-4091-B7A1-DA675699978C}
		{CD0097FE-36CE-4864-81E8-104657187539} = {E4B468F0-2741-4C5E-9A44-C9B243A11F50}
	EndGlobalSection
EndGlobal
