
Microsoft Visual Studio Solution File, Format Version 12.00
# Visual Studio 14
VisualStudioVersion = 14.0.22310.1
MinimumVisualStudioVersion = 10.0.40219.1
Project("{FAE04EC0-301F-11D3-BF4B-00C04F79EFBC}") = "WorldSmith", "WorldSmith\WorldSmith.csproj", "{49800B5F-52E5-4A15-81E8-C010B89791F0}"
EndProject
Project("{FAE04EC0-301F-11D3-BF4B-00C04F79EFBC}") = "WorldsmithUpdater", "WorldsmithUpdater\WorldsmithUpdater.csproj", "{D7A8CDCE-2FAD-4B30-8E2A-C28C7F27EE47}"
EndProject
Project("{FAE04EC0-301F-11D3-BF4B-00C04F79EFBC}") = "UpdaterLib", "UpdaterLib\UpdaterLib.csproj", "{62510635-8826-44A0-9EC2-3E37531157AD}"
EndProject
Project("{FAE04EC0-301F-11D3-BF4B-00C04F79EFBC}") = "Graph", "NodeGraph\Graph\Graph.csproj", "{E4CC63D8-127D-4BC9-80E0-CCB3E9DA06DC}"
EndProject
Global
	GlobalSection(Performance) = preSolution
		HasPerformanceSessions = true
	EndGlobalSection
	GlobalSection(SolutionConfigurationPlatforms) = preSolution
		ClassGen|Any CPU = ClassGen|Any CPU
		Debug|Any CPU = Debug|Any CPU
		Release|Any CPU = Release|Any CPU
	EndGlobalSection
	GlobalSection(ProjectConfigurationPlatforms) = postSolution
		{49800B5F-52E5-4A15-81E8-C010B89791F0}.ClassGen|Any CPU.ActiveCfg = ClassGen|Any CPU
		{49800B5F-52E5-4A15-81E8-C010B89791F0}.ClassGen|Any CPU.Build.0 = ClassGen|Any CPU
		{49800B5F-52E5-4A15-81E8-C010B89791F0}.Debug|Any CPU.ActiveCfg = Debug|Any CPU
		{49800B5F-52E5-4A15-81E8-C010B89791F0}.Debug|Any CPU.Build.0 = Debug|Any CPU
		{49800B5F-52E5-4A15-81E8-C010B89791F0}.Release|Any CPU.ActiveCfg = Release|Any CPU
		{49800B5F-52E5-4A15-81E8-C010B89791F0}.Release|Any CPU.Build.0 = Release|Any CPU
		{D7A8CDCE-2FAD-4B30-8E2A-C28C7F27EE47}.ClassGen|Any CPU.ActiveCfg = Release|Any CPU
		{D7A8CDCE-2FAD-4B30-8E2A-C28C7F27EE47}.ClassGen|Any CPU.Build.0 = Release|Any CPU
		{D7A8CDCE-2FAD-4B30-8E2A-C28C7F27EE47}.Debug|Any CPU.ActiveCfg = Debug|Any CPU
		{D7A8CDCE-2FAD-4B30-8E2A-C28C7F27EE47}.Debug|Any CPU.Build.0 = Debug|Any CPU
		{D7A8CDCE-2FAD-4B30-8E2A-C28C7F27EE47}.Release|Any CPU.ActiveCfg = Release|Any CPU
		{D7A8CDCE-2FAD-4B30-8E2A-C28C7F27EE47}.Release|Any CPU.Build.0 = Release|Any CPU
		{62510635-8826-44A0-9EC2-3E37531157AD}.ClassGen|Any CPU.ActiveCfg = Release|Any CPU
		{62510635-8826-44A0-9EC2-3E37531157AD}.ClassGen|Any CPU.Build.0 = Release|Any CPU
		{62510635-8826-44A0-9EC2-3E37531157AD}.Debug|Any CPU.ActiveCfg = Debug|Any CPU
		{62510635-8826-44A0-9EC2-3E37531157AD}.Debug|Any CPU.Build.0 = Debug|Any CPU
		{62510635-8826-44A0-9EC2-3E37531157AD}.Release|Any CPU.ActiveCfg = Release|Any CPU
		{62510635-8826-44A0-9EC2-3E37531157AD}.Release|Any CPU.Build.0 = Release|Any CPU
		{E4CC63D8-127D-4BC9-80E0-CCB3E9DA06DC}.ClassGen|Any CPU.ActiveCfg = Release|Any CPU
		{E4CC63D8-127D-4BC9-80E0-CCB3E9DA06DC}.ClassGen|Any CPU.Build.0 = Release|Any CPU
		{E4CC63D8-127D-4BC9-80E0-CCB3E9DA06DC}.Debug|Any CPU.ActiveCfg = Debug|Any CPU
		{E4CC63D8-127D-4BC9-80E0-CCB3E9DA06DC}.Debug|Any CPU.Build.0 = Debug|Any CPU
		{E4CC63D8-127D-4BC9-80E0-CCB3E9DA06DC}.Release|Any CPU.ActiveCfg = Release|Any CPU
		{E4CC63D8-127D-4BC9-80E0-CCB3E9DA06DC}.Release|Any CPU.Build.0 = Release|Any CPU
	EndGlobalSection
	GlobalSection(SolutionProperties) = preSolution
		HideSolutionNode = FALSE
	EndGlobalSection
EndGlobal
